
Microsoft Visual Studio Solution File, Format Version 12.00
# Visual Studio Version 17
VisualStudioVersion = 17.3.32901.215
MinimumVisualStudioVersion = 10.0.40219.1
Project("{9A19103F-16F7-4668-BE54-9A1E7A4F7556}") = "ADLocal.Wpf", "ADLocal.Wpf\ADLocal.Wpf.csproj", "{9E851DCB-9598-425E-868F-8EABB33AE771}"
EndProject
Project("{9A19103F-16F7-4668-BE54-9A1E7A4F7556}") = "ADLocal.Core", "ADLocal.Core\ADLocal.Core.csproj", "{8461DC44-4302-4BC5-9E4A-0DCA1660F539}"
EndProject
Project("{2150E333-8FDC-42A3-9474-1A3956D46DE8}") = "Solution Items", "Solution Items", "{F8506D8F-51D2-45CD-A886-C47BA4AF1EA8}"
	ProjectSection(SolutionItems) = preProject
		.editorconfig = .editorconfig
	EndProjectSection
EndProject
Global
	GlobalSection(SolutionConfigurationPlatforms) = preSolution
		Debug|Any CPU = Debug|Any CPU
		Release|Any CPU = Release|Any CPU
	EndGlobalSection
	GlobalSection(ProjectConfigurationPlatforms) = postSolution
		{9E851DCB-9598-425E-868F-8EABB33AE771}.Debug|Any CPU.ActiveCfg = Debug|Any CPU
		{9E851DCB-9598-425E-868F-8EABB33AE771}.Debug|Any CPU.Build.0 = Debug|Any CPU
		{9E851DCB-9598-425E-868F-8EABB33AE771}.Release|Any CPU.ActiveCfg = Release|Any CPU
		{9E851DCB-9598-425E-868F-8EABB33AE771}.Release|Any CPU.Build.0 = Release|Any CPU
		{8461DC44-4302-4BC5-9E4A-0DCA1660F539}.Debug|Any CPU.ActiveCfg = Debug|Any CPU
		{8461DC44-4302-4BC5-9E4A-0DCA1660F539}.Debug|Any CPU.Build.0 = Debug|Any CPU
		{8461DC44-4302-4BC5-9E4A-0DCA1660F539}.Release|Any CPU.ActiveCfg = Release|Any CPU
		{8461DC44-4302-4BC5-9E4A-0DCA1660F539}.Release|Any CPU.Build.0 = Release|Any CPU
	EndGlobalSection
	GlobalSection(SolutionProperties) = preSolution
		HideSolutionNode = FALSE
	EndGlobalSection
	GlobalSection(ExtensibilityGlobals) = postSolution
		SolutionGuid = {F6CC1E72-A846-4D6E-A415-6C3C4300E8D9}
	EndGlobalSection
EndGlobal
